
Microsoft Visual Studio Solution File, Format Version 12.00
# Visual Studio Version 17
VisualStudioVersion = 17.11.35219.272
MinimumVisualStudioVersion = 10.0.40219.1
Project("{FAE04EC0-301F-11D3-BF4B-00C04F79EFBC}") = "MyappAPI", "MyappAPI\MyappAPI.csproj", "{291FA1E1-C87E-4FE1-AA8E-1E0F4C92513A}"
EndProject
Global
	GlobalSection(SolutionConfigurationPlatforms) = preSolution
		Debug|Any CPU = Debug|Any CPU
		Release|Any CPU = Release|Any CPU
	EndGlobalSection
	GlobalSection(ProjectConfigurationPlatforms) = postSolution
		{291FA1E1-C87E-4FE1-AA8E-1E0F4C92513A}.Debug|Any CPU.ActiveCfg = Debug|Any CPU
		{291FA1E1-C87E-4FE1-AA8E-1E0F4C92513A}.Debug|Any CPU.Build.0 = Debug|Any CPU
		{291FA1E1-C87E-4FE1-AA8E-1E0F4C92513A}.Release|Any CPU.ActiveCfg = Release|Any CPU
		{291FA1E1-C87E-4FE1-AA8E-1E0F4C92513A}.Release|Any CPU.Build.0 = Release|Any CPU
	EndGlobalSection
	GlobalSection(SolutionProperties) = preSolution
		HideSolutionNode = FALSE
	EndGlobalSection
	GlobalSection(ExtensibilityGlobals) = postSolution
		SolutionGuid = {57A3BD2B-29EC-4C71-9E87-7D175CF0EDF5}
	EndGlobalSection
EndGlobal
